// !$*UTF8*$!
{
	archiveVersion = 1;
	classes = {
	};
	objectVersion = 46;
	objects = {

/* Begin PBXBuildFile section */
		FB28E35A1A0ED0E100384A3E /* AppDelegate.swift in Sources */ = {isa = PBXBuildFile; fileRef = FB28E3591A0ED0E100384A3E /* AppDelegate.swift */; };
		FB28E3641A0ED0E100384A3E /* LaunchScreen.xib in Resources */ = {isa = PBXBuildFile; fileRef = FB28E3621A0ED0E100384A3E /* LaunchScreen.xib */; };
		FB28E3701A0ED0E200384A3E /* JumbleTests.swift in Sources */ = {isa = PBXBuildFile; fileRef = FB28E36F1A0ED0E200384A3E /* JumbleTests.swift */; };
/* End PBXBuildFile section */

/* Begin PBXContainerItemProxy section */
		FB28E36A1A0ED0E200384A3E /* PBXContainerItemProxy */ = {
			isa = PBXContainerItemProxy;
			containerPortal = FB28E34C1A0ED0E100384A3E /* Project object */;
			proxyType = 1;
			remoteGlobalIDString = FB28E3531A0ED0E100384A3E;
			remoteInfo = Jumble;
		};
/* End PBXContainerItemProxy section */

/* Begin PBXFileReference section */
		FB28E3541A0ED0E100384A3E /* Jumble.app */ = {isa = PBXFileReference; explicitFileType = wrapper.application; includeInIndex = 0; path = Jumble.app; sourceTree = BUILT_PRODUCTS_DIR; };
		FB28E3581A0ED0E100384A3E /* Info.plist */ = {isa = PBXFileReference; lastKnownFileType = text.plist.xml; path = Info.plist; sourceTree = "<group>"; };
		FB28E3591A0ED0E100384A3E /* AppDelegate.swift */ = {isa = PBXFileReference; lastKnownFileType = sourcecode.swift; path = AppDelegate.swift; sourceTree = "<group>"; };
		FB28E3631A0ED0E100384A3E /* Base */ = {isa = PBXFileReference; lastKnownFileType = file.xib; name = Base; path = Base.lproj/LaunchScreen.xib; sourceTree = "<group>"; };
		FB28E3691A0ED0E200384A3E /* JumbleTests.xctest */ = {isa = PBXFileReference; explicitFileType = wrapper.cfbundle; includeInIndex = 0; path = JumbleTests.xctest; sourceTree = BUILT_PRODUCTS_DIR; };
		FB28E36E1A0ED0E200384A3E /* Info.plist */ = {isa = PBXFileReference; lastKnownFileType = text.plist.xml; path = Info.plist; sourceTree = "<group>"; };
		FB28E36F1A0ED0E200384A3E /* JumbleTests.swift */ = {isa = PBXFileReference; lastKnownFileType = sourcecode.swift; path = JumbleTests.swift; sourceTree = "<group>"; };
/* End PBXFileReference section */

/* Begin PBXFrameworksBuildPhase section */
		FB28E3511A0ED0E100384A3E /* Frameworks */ = {
			isa = PBXFrameworksBuildPhase;
			buildActionMask = 2147483647;
			files = (
			);
			runOnlyForDeploymentPostprocessing = 0;
		};
		FB28E3661A0ED0E200384A3E /* Frameworks */ = {
			isa = PBXFrameworksBuildPhase;
			buildActionMask = 2147483647;
			files = (
			);
			runOnlyForDeploymentPostprocessing = 0;
		};
/* End PBXFrameworksBuildPhase section */

/* Begin PBXGroup section */
		FB28E34B1A0ED0E100384A3E = {
			isa = PBXGroup;
			children = (
				FB28E3561A0ED0E100384A3E /* Jumble */,
				FB28E36C1A0ED0E200384A3E /* JumbleTests */,
				FB28E3551A0ED0E100384A3E /* Products */,
			);
			sourceTree = "<group>";
		};
		FB28E3551A0ED0E100384A3E /* Products */ = {
			isa = PBXGroup;
			children = (
				FB28E3541A0ED0E100384A3E /* Jumble.app */,
				FB28E3691A0ED0E200384A3E /* JumbleTests.xctest */,
			);
			name = Products;
			sourceTree = "<group>";
		};
		FB28E3561A0ED0E100384A3E /* Jumble */ = {
			isa = PBXGroup;
			children = (
				FB28E3591A0ED0E100384A3E /* AppDelegate.swift */,
				FB28E3581A0ED0E100384A3E /* Info.plist */,
				FB28E3621A0ED0E100384A3E /* LaunchScreen.xib */,
			);
			path = Jumble;
			sourceTree = "<group>";
		};
		FB28E36C1A0ED0E200384A3E /* JumbleTests */ = {
			isa = PBXGroup;
			children = (
				FB28E36E1A0ED0E200384A3E /* Info.plist */,
				FB28E36F1A0ED0E200384A3E /* JumbleTests.swift */,
			);
			path = JumbleTests;
			sourceTree = "<group>";
		};
/* End PBXGroup section */

/* Begin PBXNativeTarget section */
		FB28E3531A0ED0E100384A3E /* Jumble */ = {
			isa = PBXNativeTarget;
			buildConfigurationList = FB28E3731A0ED0E200384A3E /* Build configuration list for PBXNativeTarget "Jumble" */;
			buildPhases = (
				FB28E3501A0ED0E100384A3E /* Sources */,
				FB28E3511A0ED0E100384A3E /* Frameworks */,
				FB28E3521A0ED0E100384A3E /* Resources */,
			);
			buildRules = (
			);
			dependencies = (
			);
			name = Jumble;
			productName = Jumble;
			productReference = FB28E3541A0ED0E100384A3E /* Jumble.app */;
			productType = "com.apple.product-type.application";
		};
		FB28E3681A0ED0E200384A3E /* JumbleTests */ = {
			isa = PBXNativeTarget;
			buildConfigurationList = FB28E3761A0ED0E200384A3E /* Build configuration list for PBXNativeTarget "JumbleTests" */;
			buildPhases = (
				FB28E3651A0ED0E200384A3E /* Sources */,
				FB28E3661A0ED0E200384A3E /* Frameworks */,
				FB28E3671A0ED0E200384A3E /* Resources */,
			);
			buildRules = (
			);
			dependencies = (
				FB28E36B1A0ED0E200384A3E /* PBXTargetDependency */,
			);
			name = JumbleTests;
			productName = JumbleTests;
			productReference = FB28E3691A0ED0E200384A3E /* JumbleTests.xctest */;
			productType = "com.apple.product-type.bundle.unit-test";
		};
/* End PBXNativeTarget section */

/* Begin PBXProject section */
		FB28E34C1A0ED0E100384A3E /* Project object */ = {
			isa = PBXProject;
			attributes = {
				LastUpgradeCheck = 0610;
				ORGANIZATIONNAME = Hamsterdam;
				TargetAttributes = {
					FB28E3531A0ED0E100384A3E = {
						CreatedOnToolsVersion = 6.1;
					};
					FB28E3681A0ED0E200384A3E = {
						CreatedOnToolsVersion = 6.1;
						TestTargetID = FB28E3531A0ED0E100384A3E;
					};
				};
			};
			buildConfigurationList = FB28E34F1A0ED0E100384A3E /* Build configuration list for PBXProject "Jumble" */;
			compatibilityVersion = "Xcode 3.2";
			developmentRegion = English;
			hasScannedForEncodings = 0;
			knownRegions = (
				en,
				Base,
			);
			mainGroup = FB28E34B1A0ED0E100384A3E;
			productRefGroup = FB28E3551A0ED0E100384A3E /* Products */;
			projectDirPath = "";
			projectRoot = "";
			targets = (
				FB28E3531A0ED0E100384A3E /* Jumble */,
				FB28E3681A0ED0E200384A3E /* JumbleTests */,
			);
		};
/* End PBXProject section */

/* Begin PBXResourcesBuildPhase section */
		FB28E3521A0ED0E100384A3E /* Resources */ = {
			isa = PBXResourcesBuildPhase;
			buildActionMask = 2147483647;
			files = (
				FB28E3641A0ED0E100384A3E /* LaunchScreen.xib in Resources */,
			);
			runOnlyForDeploymentPostprocessing = 0;
		};
		FB28E3671A0ED0E200384A3E /* Resources */ = {
			isa = PBXResourcesBuildPhase;
			buildActionMask = 2147483647;
			files = (
			);
			runOnlyForDeploymentPostprocessing = 0;
		};
/* End PBXResourcesBuildPhase section */

/* Begin PBXSourcesBuildPhase section */
		FB28E3501A0ED0E100384A3E /* Sources */ = {
			isa = PBXSourcesBuildPhase;
			buildActionMask = 2147483647;
			files = (
				FB28E35A1A0ED0E100384A3E /* AppDelegate.swift in Sources */,
			);
			runOnlyForDeploymentPostprocessing = 0;
		};
		FB28E3651A0ED0E200384A3E /* Sources */ = {
			isa = PBXSourcesBuildPhase;
			buildActionMask = 2147483647;
			files = (
				FB28E3701A0ED0E200384A3E /* JumbleTests.swift in Sources */,
			);
			runOnlyForDeploymentPostprocessing = 0;
		};
/* End PBXSourcesBuildPhase section */

/* Begin PBXTargetDependency section */
		FB28E36B1A0ED0E200384A3E /* PBXTargetDependency */ = {
			isa = PBXTargetDependency;
			target = FB28E3531A0ED0E100384A3E /* Jumble */;
			targetProxy = FB28E36A1A0ED0E200384A3E /* PBXContainerItemProxy */;
		};
/* End PBXTargetDependency section */

/* Begin PBXVariantGroup section */
		FB28E3621A0ED0E100384A3E /* LaunchScreen.xib */ = {
			isa = PBXVariantGroup;
			children = (
				FB28E3631A0ED0E100384A3E /* Base */,
			);
			name = LaunchScreen.xib;
			sourceTree = "<group>";
		};
/* End PBXVariantGroup section */

/* Begin XCBuildConfiguration section */
		FB28E3711A0ED0E200384A3E /* Debug */ = {
			isa = XCBuildConfiguration;
			buildSettings = {
				ALWAYS_SEARCH_USER_PATHS = NO;
				CLANG_CXX_LANGUAGE_STANDARD = "gnu++0x";
				CLANG_CXX_LIBRARY = "libc++";
				CLANG_ENABLE_MODULES = YES;
				CLANG_ENABLE_OBJC_ARC = YES;
				CLANG_WARN_BOOL_CONVERSION = YES;
				CLANG_WARN_CONSTANT_CONVERSION = YES;
				CLANG_WARN_DIRECT_OBJC_ISA_USAGE = YES_ERROR;
				CLANG_WARN_EMPTY_BODY = YES;
				CLANG_WARN_ENUM_CONVERSION = YES;
				CLANG_WARN_INT_CONVERSION = YES;
				CLANG_WARN_OBJC_ROOT_CLASS = YES_ERROR;
				CLANG_WARN_UNREACHABLE_CODE = YES;
				CLANG_WARN__DUPLICATE_METHOD_MATCH = YES;
				"CODE_SIGN_IDENTITY[sdk=iphoneos*]" = "iPhone Developer";
				COPY_PHASE_STRIP = NO;
				ENABLE_STRICT_OBJC_MSGSEND = YES;
				GCC_C_LANGUAGE_STANDARD = gnu99;
				GCC_DYNAMIC_NO_PIC = NO;
				GCC_OPTIMIZATION_LEVEL = 0;
				GCC_PREPROCESSOR_DEFINITIONS = (
					"DEBUG=1",
					"$(inherited)",
				);
				GCC_SYMBOLS_PRIVATE_EXTERN = NO;
				GCC_WARN_64_TO_32_BIT_CONVERSION = YES;
				GCC_WARN_ABOUT_RETURN_TYPE = YES_ERROR;
				GCC_WARN_UNDECLARED_SELECTOR = YES;
				GCC_WARN_UNINITIALIZED_AUTOS = YES_AGGRESSIVE;
				GCC_WARN_UNUSED_FUNCTION = YES;
				GCC_WARN_UNUSED_VARIABLE = YES;
				IPHONEOS_DEPLOYMENT_TARGET = 8.1;
				MTL_ENABLE_DEBUG_INFO = YES;
				ONLY_ACTIVE_ARCH = YES;
				SDKROOT = iphoneos;
				SWIFT_OPTIMIZATION_LEVEL = "-Onone";
				TARGETED_DEVICE_FAMILY = "1,2";
			};
			name = Debug;
		};
		FB28E3721A0ED0E200384A3E /* Release */ = {
			isa = XCBuildConfiguration;
			buildSettings = {
				ALWAYS_SEARCH_USER_PATHS = NO;
				CLANG_CXX_LANGUAGE_STANDARD = "gnu++0x";
				CLANG_CXX_LIBRARY = "libc++";
				CLANG_ENABLE_MODULES = YES;
				CLANG_ENABLE_OBJC_ARC = YES;
				CLANG_WARN_BOOL_CONVERSION = YES;
				CLANG_WARN_CONSTANT_CONVERSION = YES;
				CLANG_WARN_DIRECT_OBJC_ISA_USAGE = YES_ERROR;
				CLANG_WARN_EMPTY_BODY = YES;
				CLANG_WARN_ENUM_CONVERSION = YES;
				CLANG_WARN_INT_CONVERSION = YES;
				CLANG_WARN_OBJC_ROOT_CLASS = YES_ERROR;
				CLANG_WARN_UNREACHABLE_CODE = YES;
				CLANG_WARN__DUPLICATE_METHOD_MATCH = YES;
				"CODE_SIGN_IDENTITY[sdk=iphoneos*]" = "iPhone Developer";
				COPY_PHASE_STRIP = YES;
				ENABLE_NS_ASSERTIONS = NO;
				ENABLE_STRICT_OBJC_MSGSEND = YES;
				GCC_C_LANGUAGE_STANDARD = gnu99;
				GCC_WARN_64_TO_32_BIT_CONVERSION = YES;
				GCC_WARN_ABOUT_RETURN_TYPE = YES_ERROR;
				GCC_WARN_UNDECLARED_SELECTOR = YES;
				GCC_WARN_UNINITIALIZED_AUTOS = YES_AGGRESSIVE;
				GCC_WARN_UNUSED_FUNCTION = YES;
				GCC_WARN_UNUSED_VARIABLE = YES;
				IPHONEOS_DEPLOYMENT_TARGET = 8.1;
				MTL_ENABLE_DEBUG_INFO = NO;
				SDKROOT = iphoneos;
				TARGETED_DEVICE_FAMILY = "1,2";
				VALIDATE_PRODUCT = YES;
			};
			name = Release;
		};
		FB28E3741A0ED0E200384A3E /* Debug */ = {
			isa = XCBuildConfiguration;
			buildSettings = {
				ASSETCATALOG_COMPILER_APPICON_NAME = AppIcon;
				INFOPLIST_FILE = Jumble/Info.plist;
				LD_RUNPATH_SEARCH_PATHS = "$(inherited) @executable_path/Frameworks";
				PRODUCT_NAME = "$(TARGET_NAME)";
			};
			name = Debug;
		};
		FB28E3751A0ED0E200384A3E /* Release */ = {
			isa = XCBuildConfiguration;
			buildSettings = {
				ASSETCATALOG_COMPILER_APPICON_NAME = AppIcon;
				INFOPLIST_FILE = Jumble/Info.plist;
				LD_RUNPATH_SEARCH_PATHS = "$(inherited) @executable_path/Frameworks";
				PRODUCT_NAME = "$(TARGET_NAME)";
			};
			name = Release;
		};
		FB28E3771A0ED0E200384A3E /* Debug */ = {
			isa = XCBuildConfiguration;
			buildSettings = {
				BUNDLE_LOADER = "$(TEST_HOST)";
				FRAMEWORK_SEARCH_PATHS = (
					"$(SDKROOT)/Developer/Library/Frameworks",
					"$(inherited)",
				);
				GCC_PREPROCESSOR_DEFINITIONS = (
					"DEBUG=1",
					"$(inherited)",
				);
				INFOPLIST_FILE = JumbleTests/Info.plist;
				LD_RUNPATH_SEARCH_PATHS = "$(inherited) @executable_path/Frameworks @loader_path/Frameworks";
				PRODUCT_NAME = "$(TARGET_NAME)";
				TEST_HOST = "$(BUILT_PRODUCTS_DIR)/Jumble.app/Jumble";
			};
			name = Debug;
		};
		FB28E3781A0ED0E200384A3E /* Release */ = {
			isa = XCBuildConfiguration;
			buildSettings = {
				BUNDLE_LOADER = "$(TEST_HOST)";
				FRAMEWORK_SEARCH_PATHS = (
					"$(SDKROOT)/Developer/Library/Frameworks",
					"$(inherited)",
				);
				INFOPLIST_FILE = JumbleTests/Info.plist;
				LD_RUNPATH_SEARCH_PATHS = "$(inherited) @executable_path/Frameworks @loader_path/Frameworks";
				PRODUCT_NAME = "$(TARGET_NAME)";
				TEST_HOST = "$(BUILT_PRODUCTS_DIR)/Jumble.app/Jumble";
			};
			name = Release;
		};
/* End XCBuildConfiguration section */

/* Begin XCConfigurationList section */
		FB28E34F1A0ED0E100384A3E /* Build configuration list for PBXProject "Jumble" */ = {
			isa = XCConfigurationList;
			buildConfigurations = (
				FB28E3711A0ED0E200384A3E /* Debug */,
				FB28E3721A0ED0E200384A3E /* Release */,
			);
			defaultConfigurationIsVisible = 0;
			defaultConfigurationName = Release;
		};
		FB28E3731A0ED0E200384A3E /* Build configuration list for PBXNativeTarget "Jumble" */ = {
			isa = XCConfigurationList;
			buildConfigurations = (
				FB28E3741A0ED0E200384A3E /* Debug */,
				FB28E3751A0ED0E200384A3E /* Release */,
			);
			defaultConfigurationIsVisible = 0;
		};
		FB28E3761A0ED0E200384A3E /* Build configuration list for PBXNativeTarget "JumbleTests" */ = {
			isa = XCConfigurationList;
			buildConfigurations = (
				FB28E3771A0ED0E200384A3E /* Debug */,
				FB28E3781A0ED0E200384A3E /* Release */,
			);
			defaultConfigurationIsVisible = 0;
		};
/* End XCConfigurationList section */
	};
	rootObject = FB28E34C1A0ED0E100384A3E /* Project object */;
}
